
Microsoft Visual Studio Solution File, Format Version 12.00
# Visual Studio Version 16
VisualStudioVersion = 16.0.29201.188
MinimumVisualStudioVersion = 10.0.40219.1
Project("{FAE04EC0-301F-11D3-BF4B-00C04F79EFBC}") = "MagicLight.Products", "MagicLight.Products\MagicLight.Products.csproj", "{B54F63DF-C928-4F8E-BD42-237700536FF5}"
EndProject
Project("{FAE04EC0-301F-11D3-BF4B-00C04F79EFBC}") = "MagicLight.Products.Tests", "MagicLight.Products.Tests\MagicLight.Products.Tests.csproj", "{2B718F31-6073-4B64-98FC-AE9E1507A9B1}"
EndProject
Global
	GlobalSection(SolutionConfigurationPlatforms) = preSolution
		Debug|Any CPU = Debug|Any CPU
		Release|Any CPU = Release|Any CPU
	EndGlobalSection
	GlobalSection(ProjectConfigurationPlatforms) = postSolution
		{B54F63DF-C928-4F8E-BD42-237700536FF5}.Debug|Any CPU.ActiveCfg = Debug|Any CPU
		{B54F63DF-C928-4F8E-BD42-237700536FF5}.Debug|Any CPU.Build.0 = Debug|Any CPU
		{B54F63DF-C928-4F8E-BD42-237700536FF5}.Release|Any CPU.ActiveCfg = Release|Any CPU
		{B54F63DF-C928-4F8E-BD42-237700536FF5}.Release|Any CPU.Build.0 = Release|Any CPU
		{2B718F31-6073-4B64-98FC-AE9E1507A9B1}.Debug|Any CPU.ActiveCfg = Debug|Any CPU
		{2B718F31-6073-4B64-98FC-AE9E1507A9B1}.Debug|Any CPU.Build.0 = Debug|Any CPU
		{2B718F31-6073-4B64-98FC-AE9E1507A9B1}.Release|Any CPU.ActiveCfg = Release|Any CPU
		{2B718F31-6073-4B64-98FC-AE9E1507A9B1}.Release|Any CPU.Build.0 = Release|Any CPU
	EndGlobalSection
	GlobalSection(SolutionProperties) = preSolution
		HideSolutionNode = FALSE
	EndGlobalSection
	GlobalSection(ExtensibilityGlobals) = postSolution
		SolutionGuid = {B5DC960B-5705-454E-83F8-1FAEE5800480}
	EndGlobalSection
EndGlobal
